
Microsoft Visual Studio Solution File, Format Version 12.00
# Visual Studio Version 17
VisualStudioVersion = 17.0.31903.59
MinimumVisualStudioVersion = 10.0.40219.1
Project("{FAE04EC0-301F-11D3-BF4B-00C04F79EFBC}") = "OrderService.Api", "OrderService.Api\OrderService.Api.csproj", "{3DA7C199-8B6C-4931-B7C8-8C264C227F21}"
EndProject
Project("{FAE04EC0-301F-11D3-BF4B-00C04F79EFBC}") = "OrderService.Application", "OrderService.Application\OrderService.Application.csproj", "{5C013C6A-10AE-4C5E-8FF1-2502961037E0}"
EndProject
Project("{FAE04EC0-301F-11D3-BF4B-00C04F79EFBC}") = "OrderService.Domain", "OrderService.Domain\OrderService.Domain.csproj", "{CDC06B98-73DF-403D-8F29-D3BF404F83C1}"
EndProject
Project("{FAE04EC0-301F-11D3-BF4B-00C04F79EFBC}") = "OrderService.Infrastructure", "OrderService.Infrastructure\OrderService.Infrastructure.csproj", "{8121E3D4-C8CC-47CE-A358-09D2B8FD6E22}"
EndProject
Global
	GlobalSection(SolutionConfigurationPlatforms) = preSolution
		Debug|Any CPU = Debug|Any CPU
		Debug|x64 = Debug|x64
		Debug|x86 = Debug|x86
		Release|Any CPU = Release|Any CPU
		Release|x64 = Release|x64
		Release|x86 = Release|x86
	EndGlobalSection
	GlobalSection(ProjectConfigurationPlatforms) = postSolution
		{3DA7C199-8B6C-4931-B7C8-8C264C227F21}.Debug|Any CPU.ActiveCfg = Debug|Any CPU
		{3DA7C199-8B6C-4931-B7C8-8C264C227F21}.Debug|Any CPU.Build.0 = Debug|Any CPU
		{3DA7C199-8B6C-4931-B7C8-8C264C227F21}.Debug|x64.ActiveCfg = Debug|Any CPU
		{3DA7C199-8B6C-4931-B7C8-8C264C227F21}.Debug|x64.Build.0 = Debug|Any CPU
		{3DA7C199-8B6C-4931-B7C8-8C264C227F21}.Debug|x86.ActiveCfg = Debug|Any CPU
		{3DA7C199-8B6C-4931-B7C8-8C264C227F21}.Debug|x86.Build.0 = Debug|Any CPU
		{3DA7C199-8B6C-4931-B7C8-8C264C227F21}.Release|Any CPU.ActiveCfg = Release|Any CPU
		{3DA7C199-8B6C-4931-B7C8-8C264C227F21}.Release|Any CPU.Build.0 = Release|Any CPU
		{3DA7C199-8B6C-4931-B7C8-8C264C227F21}.Release|x64.ActiveCfg = Release|Any CPU
		{3DA7C199-8B6C-4931-B7C8-8C264C227F21}.Release|x64.Build.0 = Release|Any CPU
		{3DA7C199-8B6C-4931-B7C8-8C264C227F21}.Release|x86.ActiveCfg = Release|Any CPU
		{3DA7C199-8B6C-4931-B7C8-8C264C227F21}.Release|x86.Build.0 = Release|Any CPU
		{5C013C6A-10AE-4C5E-8FF1-2502961037E0}.Debug|Any CPU.ActiveCfg = Debug|Any CPU
		{5C013C6A-10AE-4C5E-8FF1-2502961037E0}.Debug|Any CPU.Build.0 = Debug|Any CPU
		{5C013C6A-10AE-4C5E-8FF1-2502961037E0}.Debug|x64.ActiveCfg = Debug|Any CPU
		{5C013C6A-10AE-4C5E-8FF1-2502961037E0}.Debug|x64.Build.0 = Debug|Any CPU
		{5C013C6A-10AE-4C5E-8FF1-2502961037E0}.Debug|x86.ActiveCfg = Debug|Any CPU
		{5C013C6A-10AE-4C5E-8FF1-2502961037E0}.Debug|x86.Build.0 = Debug|Any CPU
		{5C013C6A-10AE-4C5E-8FF1-2502961037E0}.Release|Any CPU.ActiveCfg = Release|Any CPU
		{5C013C6A-10AE-4C5E-8FF1-2502961037E0}.Release|Any CPU.Build.0 = Release|Any CPU
		{5C013C6A-10AE-4C5E-8FF1-2502961037E0}.Release|x64.ActiveCfg = Release|Any CPU
		{5C013C6A-10AE-4C5E-8FF1-2502961037E0}.Release|x64.Build.0 = Release|Any CPU
		{5C013C6A-10AE-4C5E-8FF1-2502961037E0}.Release|x86.ActiveCfg = Release|Any CPU
		{5C013C6A-10AE-4C5E-8FF1-2502961037E0}.Release|x86.Build.0 = Release|Any CPU
		{CDC06B98-73DF-403D-8F29-D3BF404F83C1}.Debug|Any CPU.ActiveCfg = Debug|Any CPU
		{CDC06B98-73DF-403D-8F29-D3BF404F83C1}.Debug|Any CPU.Build.0 = Debug|Any CPU
		{CDC06B98-73DF-403D-8F29-D3BF404F83C1}.Debug|x64.ActiveCfg = Debug|Any CPU
		{CDC06B98-73DF-403D-8F29-D3BF404F83C1}.Debug|x64.Build.0 = Debug|Any CPU
		{CDC06B98-73DF-403D-8F29-D3BF404F83C1}.Debug|x86.ActiveCfg = Debug|Any CPU
		{CDC06B98-73DF-403D-8F29-D3BF404F83C1}.Debug|x86.Build.0 = Debug|Any CPU
		{CDC06B98-73DF-403D-8F29-D3BF404F83C1}.Release|Any CPU.ActiveCfg = Release|Any CPU
		{CDC06B98-73DF-403D-8F29-D3BF404F83C1}.Release|Any CPU.Build.0 = Release|Any CPU
		{CDC06B98-73DF-403D-8F29-D3BF404F83C1}.Release|x64.ActiveCfg = Release|Any CPU
		{CDC06B98-73DF-403D-8F29-D3BF404F83C1}.Release|x64.Build.0 = Release|Any CPU
		{CDC06B98-73DF-403D-8F29-D3BF404F83C1}.Release|x86.ActiveCfg = Release|Any CPU
		{CDC06B98-73DF-403D-8F29-D3BF404F83C1}.Release|x86.Build.0 = Release|Any CPU
		{8121E3D4-C8CC-47CE-A358-09D2B8FD6E22}.Debug|Any CPU.ActiveCfg = Debug|Any CPU
		{8121E3D4-C8CC-47CE-A358-09D2B8FD6E22}.Debug|Any CPU.Build.0 = Debug|Any CPU
		{8121E3D4-C8CC-47CE-A358-09D2B8FD6E22}.Debug|x64.ActiveCfg = Debug|Any CPU
		{8121E3D4-C8CC-47CE-A358-09D2B8FD6E22}.Debug|x64.Build.0 = Debug|Any CPU
		{8121E3D4-C8CC-47CE-A358-09D2B8FD6E22}.Debug|x86.ActiveCfg = Debug|Any CPU
		{8121E3D4-C8CC-47CE-A358-09D2B8FD6E22}.Debug|x86.Build.0 = Debug|Any CPU
		{8121E3D4-C8CC-47CE-A358-09D2B8FD6E22}.Release|Any CPU.ActiveCfg = Release|Any CPU
		{8121E3D4-C8CC-47CE-A358-09D2B8FD6E22}.Release|Any CPU.Build.0 = Release|Any CPU
		{8121E3D4-C8CC-47CE-A358-09D2B8FD6E22}.Release|x64.ActiveCfg = Release|Any CPU
		{8121E3D4-C8CC-47CE-A358-09D2B8FD6E22}.Release|x64.Build.0 = Release|Any CPU
		{8121E3D4-C8CC-47CE-A358-09D2B8FD6E22}.Release|x86.ActiveCfg = Release|Any CPU
		{8121E3D4-C8CC-47CE-A358-09D2B8FD6E22}.Release|x86.Build.0 = Release|Any CPU
	EndGlobalSection
	GlobalSection(SolutionProperties) = preSolution
		HideSolutionNode = FALSE
	EndGlobalSection
EndGlobal
